{
  "nodes": {
    "home-manager": {
      "inputs": {
        "nixpkgs": "nixpkgs"
      },
      "locked": {
        "lastModified": 1602535872,
        "narHash": "sha256-5dnSqYNzwuL2tiQfSFCbX97Hfl4Lf6q4nghQBwm9pD8=",
        "owner": "nix-community",
        "repo": "home-manager",
        "rev": "e7d5531cfa770afc591f8dc5542eb4fba9962885",
        "type": "github"
      },
      "original": {
        "owner": "nix-community",
        "repo": "home-manager",
        "type": "github"
      }
    },
    "nixpkgs": {
      "locked": {
        "lastModified": 1602627041,
        "narHash": "sha256-vJSfGyLtsNjyeA9ohzU9jbWpNU5yVmrCRS5hjfxu1J0=",
        "owner": "NixOS",
        "repo": "nixpkgs",
        "rev": "a1466db0422194d50ce236ab22871b2ef1c44cb9",
        "type": "github"
      },
      "original": {
        "id": "nixpkgs",
        "type": "indirect"
      }
    },
    "nixpkgs_2": {
      "locked": {
        "lastModified": 1602066138,
        "narHash": "sha256-aV0PWKhVYQNLQuFW2qfBXa3JWmPPKSHFJ65ac83JMzE=",
        "owner": "nixos",
        "repo": "nixpkgs",
        "rev": "420f89ceb267b461eed5d025b6c3c0e57703cc5c",
        "type": "github"
      },
      "original": {
        "owner": "nixos",
        "ref": "nixos-unstable",
        "repo": "nixpkgs",
        "type": "github"
      }
    },
    "root": {
      "inputs": {
        "home-manager": "home-manager",
        "nixpkgs": "nixpkgs_2"
      }
    }
  },
  "root": "root",
  "version": 7
}
